
Microsoft Visual Studio Solution File, Format Version 12.00
# Visual Studio Version 16
VisualStudioVersion = 16.0.31729.503
MinimumVisualStudioVersion = 10.0.40219.1
Project("{FAE04EC0-301F-11D3-BF4B-00C04F79EFBC}") = "NbgHr", "NbgHr\NbgHr.csproj", "{EEA0CEDB-9A34-4090-81D6-72DCF8A0EA14}"
EndProject
Project("{FAE04EC0-301F-11D3-BF4B-00C04F79EFBC}") = "NbgHrMvc", "NbgHrMvc\NbgHrMvc.csproj", "{869F63A0-A8F1-494B-973E-2407C945D0F3}"
EndProject
Global
	GlobalSection(SolutionConfigurationPlatforms) = preSolution
		Debug|Any CPU = Debug|Any CPU
		Release|Any CPU = Release|Any CPU
	EndGlobalSection
	GlobalSection(ProjectConfigurationPlatforms) = postSolution
		{EEA0CEDB-9A34-4090-81D6-72DCF8A0EA14}.Debug|Any CPU.ActiveCfg = Debug|Any CPU
		{EEA0CEDB-9A34-4090-81D6-72DCF8A0EA14}.Debug|Any CPU.Build.0 = Debug|Any CPU
		{EEA0CEDB-9A34-4090-81D6-72DCF8A0EA14}.Release|Any CPU.ActiveCfg = Release|Any CPU
		{EEA0CEDB-9A34-4090-81D6-72DCF8A0EA14}.Release|Any CPU.Build.0 = Release|Any CPU
		{869F63A0-A8F1-494B-973E-2407C945D0F3}.Debug|Any CPU.ActiveCfg = Debug|Any CPU
		{869F63A0-A8F1-494B-973E-2407C945D0F3}.Debug|Any CPU.Build.0 = Debug|Any CPU
		{869F63A0-A8F1-494B-973E-2407C945D0F3}.Release|Any CPU.ActiveCfg = Release|Any CPU
		{869F63A0-A8F1-494B-973E-2407C945D0F3}.Release|Any CPU.Build.0 = Release|Any CPU
	EndGlobalSection
	GlobalSection(SolutionProperties) = preSolution
		HideSolutionNode = FALSE
	EndGlobalSection
	GlobalSection(ExtensibilityGlobals) = postSolution
		SolutionGuid = {DB5BFB60-1555-4FBC-83EC-B7F3B48D676A}
	EndGlobalSection
EndGlobal
